
Microsoft Visual Studio Solution File, Format Version 12.00
# Visual Studio Version 16
VisualStudioVersion = 16.0.31025.194
MinimumVisualStudioVersion = 10.0.40219.1
Project("{FAE04EC0-301F-11D3-BF4B-00C04F79EFBC}") = "APIRequests", "APIRequests\APIRequests.csproj", "{B23565B3-C080-48FE-BB46-DB8DE2872C28}"
EndProject
Global
	GlobalSection(SolutionConfigurationPlatforms) = preSolution
		Debug|Any CPU = Debug|Any CPU
		Release|Any CPU = Release|Any CPU
	EndGlobalSection
	GlobalSection(ProjectConfigurationPlatforms) = postSolution
		{B23565B3-C080-48FE-BB46-DB8DE2872C28}.Debug|Any CPU.ActiveCfg = Debug|Any CPU
		{B23565B3-C080-48FE-BB46-DB8DE2872C28}.Debug|Any CPU.Build.0 = Debug|Any CPU
		{B23565B3-C080-48FE-BB46-DB8DE2872C28}.Release|Any CPU.ActiveCfg = Release|Any CPU
		{B23565B3-C080-48FE-BB46-DB8DE2872C28}.Release|Any CPU.Build.0 = Release|Any CPU
	EndGlobalSection
	GlobalSection(SolutionProperties) = preSolution
		HideSolutionNode = FALSE
	EndGlobalSection
	GlobalSection(ExtensibilityGlobals) = postSolution
		SolutionGuid = {53FBD355-7C7F-4214-B016-82A5347F07F3}
	EndGlobalSection
EndGlobal
