
Microsoft Visual Studio Solution File, Format Version 12.00
# Visual Studio Version 16
VisualStudioVersion = 16.0.31025.194
MinimumVisualStudioVersion = 10.0.40219.1
Project("{9A19103F-16F7-4668-BE54-9A1E7A4F7556}") = "APIRequests", "APIRequests\APIRequests.csproj", "{B23565B3-C080-48FE-BB46-DB8DE2872C28}"
EndProject
Project("{FAE04EC0-301F-11D3-BF4B-00C04F79EFBC}") = "CheckingCard", "CheckingCard\CheckingCard.csproj", "{041EC9D5-0DE0-4FA9-A505-40EB82179507}"
EndProject
Global
	GlobalSection(SharedMSBuildProjectFiles) = preSolution
		CheckingCard\CheckingCard.csproj*{b23565b3-c080-48fe-bb46-db8de2872c28}*SharedItemsImports = 5
	EndGlobalSection
	GlobalSection(SolutionConfigurationPlatforms) = preSolution
		Debug|Any CPU = Debug|Any CPU
		Release|Any CPU = Release|Any CPU
	EndGlobalSection
	GlobalSection(ProjectConfigurationPlatforms) = postSolution
		{B23565B3-C080-48FE-BB46-DB8DE2872C28}.Debug|Any CPU.ActiveCfg = Debug|Any CPU
		{B23565B3-C080-48FE-BB46-DB8DE2872C28}.Debug|Any CPU.Build.0 = Debug|Any CPU
		{B23565B3-C080-48FE-BB46-DB8DE2872C28}.Release|Any CPU.ActiveCfg = Release|Any CPU
		{B23565B3-C080-48FE-BB46-DB8DE2872C28}.Release|Any CPU.Build.0 = Release|Any CPU
		{041EC9D5-0DE0-4FA9-A505-40EB82179507}.Debug|Any CPU.ActiveCfg = Debug|Any CPU
		{041EC9D5-0DE0-4FA9-A505-40EB82179507}.Debug|Any CPU.Build.0 = Debug|Any CPU
		{041EC9D5-0DE0-4FA9-A505-40EB82179507}.Release|Any CPU.ActiveCfg = Release|Any CPU
		{041EC9D5-0DE0-4FA9-A505-40EB82179507}.Release|Any CPU.Build.0 = Release|Any CPU
	EndGlobalSection
	GlobalSection(SolutionProperties) = preSolution
		HideSolutionNode = FALSE
	EndGlobalSection
	GlobalSection(ExtensibilityGlobals) = postSolution
		SolutionGuid = {53FBD355-7C7F-4214-B016-82A5347F07F3}
	EndGlobalSection
EndGlobal
